
Microsoft Visual Studio Solution File, Format Version 12.00
Project("{FAE04EC0-301F-11D3-BF4B-00C04F79EFBC}") = "MatesRatesRentACar", "MatesRatesRentACar\MatesRatesRentACar.csproj", "{D1E7C33A-37FA-4DCC-9C78-96CA2A67C949}"
EndProject
Project("{FAE04EC0-301F-11D3-BF4B-00C04F79EFBC}") = "MRRC.Guacamole", "MRRC.Guacamole\MRRC.Guacamole.csproj", "{025DD698-DE87-4FD0-B9CF-82E59E8FFED0}"
EndProject
Project("{FAE04EC0-301F-11D3-BF4B-00C04F79EFBC}") = "MRRC.Data", "MRRC.Data\MRRC.Data.csproj", "{A91DDD22-A1CA-4442-B62F-6D6392E4C605}"
EndProject
Project("{FAE04EC0-301F-11D3-BF4B-00C04F79EFBC}") = "MRRC.Cursive", "MRRC.Cursive\MRRC.Cursive.csproj", "{F1DC15CA-E2C9-4F19-B887-F74165615466}"
EndProject
Project("{FAE04EC0-301F-11D3-BF4B-00C04F79EFBC}") = "MRRC.SearchParser", "MRRC.SearchParser\MRRC.SearchParser.csproj", "{ED4F9423-F221-4C7C-BE4F-E0BBDC1D3A98}"
EndProject
Global
	GlobalSection(SolutionConfigurationPlatforms) = preSolution
		Debug|Any CPU = Debug|Any CPU
		Release|Any CPU = Release|Any CPU
	EndGlobalSection
	GlobalSection(ProjectConfigurationPlatforms) = postSolution
		{D1E7C33A-37FA-4DCC-9C78-96CA2A67C949}.Debug|Any CPU.ActiveCfg = Debug|Any CPU
		{D1E7C33A-37FA-4DCC-9C78-96CA2A67C949}.Debug|Any CPU.Build.0 = Debug|Any CPU
		{D1E7C33A-37FA-4DCC-9C78-96CA2A67C949}.Release|Any CPU.ActiveCfg = Release|Any CPU
		{D1E7C33A-37FA-4DCC-9C78-96CA2A67C949}.Release|Any CPU.Build.0 = Release|Any CPU
		{025DD698-DE87-4FD0-B9CF-82E59E8FFED0}.Debug|Any CPU.ActiveCfg = Debug|Any CPU
		{025DD698-DE87-4FD0-B9CF-82E59E8FFED0}.Debug|Any CPU.Build.0 = Debug|Any CPU
		{025DD698-DE87-4FD0-B9CF-82E59E8FFED0}.Release|Any CPU.ActiveCfg = Release|Any CPU
		{025DD698-DE87-4FD0-B9CF-82E59E8FFED0}.Release|Any CPU.Build.0 = Release|Any CPU
		{A91DDD22-A1CA-4442-B62F-6D6392E4C605}.Debug|Any CPU.ActiveCfg = Debug|Any CPU
		{A91DDD22-A1CA-4442-B62F-6D6392E4C605}.Debug|Any CPU.Build.0 = Debug|Any CPU
		{A91DDD22-A1CA-4442-B62F-6D6392E4C605}.Release|Any CPU.ActiveCfg = Release|Any CPU
		{A91DDD22-A1CA-4442-B62F-6D6392E4C605}.Release|Any CPU.Build.0 = Release|Any CPU
		{F1DC15CA-E2C9-4F19-B887-F74165615466}.Debug|Any CPU.ActiveCfg = Debug|Any CPU
		{F1DC15CA-E2C9-4F19-B887-F74165615466}.Debug|Any CPU.Build.0 = Debug|Any CPU
		{F1DC15CA-E2C9-4F19-B887-F74165615466}.Release|Any CPU.ActiveCfg = Release|Any CPU
		{F1DC15CA-E2C9-4F19-B887-F74165615466}.Release|Any CPU.Build.0 = Release|Any CPU
		{ED4F9423-F221-4C7C-BE4F-E0BBDC1D3A98}.Debug|Any CPU.ActiveCfg = Debug|Any CPU
		{ED4F9423-F221-4C7C-BE4F-E0BBDC1D3A98}.Debug|Any CPU.Build.0 = Debug|Any CPU
		{ED4F9423-F221-4C7C-BE4F-E0BBDC1D3A98}.Release|Any CPU.ActiveCfg = Release|Any CPU
		{ED4F9423-F221-4C7C-BE4F-E0BBDC1D3A98}.Release|Any CPU.Build.0 = Release|Any CPU
	EndGlobalSection
EndGlobal
